{
  "name": "e2e",
  "version": "0.0.0-dev",
  "lockfileVersion": 3,
  "requires": true,
  "packages": {
    "": {
      "name": "e2e",
      "version": "0.0.0-dev",
      "license": "MIT",
      "devDependencies": {
        "@lvce-editor/test-with-playwright": "^22.3.0"
      }
    },
    "node_modules/@lvce-editor/test-with-playwright": {
      "version": "22.3.0",
      "resolved": "https://registry.npmjs.org/@lvce-editor/test-with-playwright/-/test-with-playwright-22.3.0.tgz",
      "integrity": "sha512-m1M6LAjhG7rEbx4a2eGGA0RaVetAE1vR4mu6a97/Bc8GB0+Hm0UEM9+Xxdkt4MLQ58IHmD2Yo3LWFBtXKcGupA==",
      "dev": true,
      "license": "MIT",
      "dependencies": {
        "@lvce-editor/test-with-playwright-worker": "22.3.0",
        "@lvce-editor/test-worker": "^17.0.0"
      },
      "bin": {
        "test-with-playwright": "bin/test-with-playwright.js"
      },
      "engines": {
        "node": ">=24"
      }
    },
    "node_modules/@lvce-editor/test-with-playwright-worker": {
      "version": "22.3.0",
      "resolved": "https://registry.npmjs.org/@lvce-editor/test-with-playwright-worker/-/test-with-playwright-worker-22.3.0.tgz",
      "integrity": "sha512-L2W8HCYxc74r2i3dt1p7H8fezRxjOGXYOFBhJKq7WIXtYr9QiGPm1nZKTI5L2xhiPHaeJA2N20l16J9Dojej+g==",
      "dev": true,
      "license": "MIT",
      "dependencies": {
        "@playwright/test": "1.61.1",
        "get-port": "^7.2.0"
      },
      "engines": {
        "node": ">=24"
      }
    },
    "node_modules/@lvce-editor/test-worker": {
      "version": "17.0.0",
      "resolved": "https://registry.npmjs.org/@lvce-editor/test-worker/-/test-worker-17.0.0.tgz",
      "integrity": "sha512-iEDFU8pTk3l0uOCF8UJdJ3P3vD+r8Sl3V/V3DOwEcCF8WCzIpGHB8bzMQ/PjkbFmBeoMUP2jOAFK/xKtwrGWnA==",
      "dev": true,
      "license": "MIT"
    },
    "node_modules/@playwright/test": {
      "version": "1.61.1",
      "resolved": "https://registry.npmjs.org/@playwright/test/-/test-1.61.1.tgz",
      "integrity": "sha512-8nKv6+0RJSL9FE4jYOEGXnPeM/Hg12qZpmqzZjRh3qM0Y7c3z1mrOTfFLids72RDQYVh9WpLEfR5WdpNX4fkig==",
      "dev": true,
      "license": "Apache-2.0",
      "dependencies": {
        "playwright": "1.61.1"
      },
      "bin": {
        "playwright": "cli.js"
      },
      "engines": {
        "node": ">=18"
      }
    },
    "node_modules/fsevents": {
      "version": "2.3.2",
      "resolved": "https://registry.npmjs.org/fsevents/-/fsevents-2.3.2.tgz",
      "integrity": "sha512-xiqMQR4xAeHTuB9uWm+fFRcIOgKBMiOBP+eXiyT7jsgVCq1bkVygt00oASowB7EdtpOHaaPgKt812P9ab+DDKA==",
      "dev": true,
      "hasInstallScript": true,
      "license": "MIT",
      "optional": true,
      "os": [
        "darwin"
      ],
      "engines": {
        "node": "^8.16.0 || ^10.6.0 || >=11.0.0"
      }
    },
    "node_modules/get-port": {
      "version": "7.2.0",
      "resolved": "https://registry.npmjs.org/get-port/-/get-port-7.2.0.tgz",
      "integrity": "sha512-afP4W205ONCuMoPBqcR6PSXnzX35KTcJygfJfcp+QY+uwm3p20p1YczWXhlICIzGMCxYBQcySEcOgsJcrkyobg==",
      "dev": true,
      "license": "MIT",
      "engines": {
        "node": ">=16"
      },
      "funding": {
        "url": "https://github.com/sponsors/sindresorhus"
      }
    },
    "node_modules/playwright": {
      "version": "1.61.1",
      "resolved": "https://registry.npmjs.org/playwright/-/playwright-1.61.1.tgz",
      "integrity": "sha512-DWnY5o3YbLWK4GovuAVwpqL+1VwGNdUGrRr++8j8PtQQzvAVZUIMjKQ90fY689sEJZJBbZVw1rXaOKSTitkzPQ==",
      "dev": true,
      "license": "Apache-2.0",
      "dependencies": {
        "playwright-core": "1.61.1"
      },
      "bin": {
        "playwright": "cli.js"
      },
      "engines": {
        "node": ">=18"
      },
      "optionalDependencies": {
        "fsevents": "2.3.2"
      }
    },
    "node_modules/playwright-core": {
      "version": "1.61.1",
      "resolved": "https://registry.npmjs.org/playwright-core/-/playwright-core-1.61.1.tgz",
      "integrity": "sha512-h7Qlt6m4REp25qvIdvbDtVmD4LqVXfpRxhORv9L0jzETM05p4fuPJ3dKyuSXQxDSbXnmS79HAgi9589lGSpLkg==",
      "dev": true,
      "license": "Apache-2.0",
      "bin": {
        "playwright-core": "cli.js"
      },
      "engines": {
        "node": ">=18"
      }
    }
  }
}
