{
  "name": "e2e",
  "version": "0.0.0-dev",
  "lockfileVersion": 3,
  "requires": true,
  "packages": {
    "": {
      "name": "e2e",
      "version": "0.0.0-dev",
      "license": "MIT",
      "devDependencies": {
        "@lvce-editor/test-with-playwright": "^10.4.0"
      }
    },
    "node_modules/@lvce-editor/constants": {
      "version": "1.30.0",
      "resolved": "https://registry.npmjs.org/@lvce-editor/constants/-/constants-1.30.0.tgz",
      "integrity": "sha512-S1U8qb0Hfgm+Bmrgbs7IpGckqLqFkads03qbR6cBwDW3qdiHHAj14BDX1sWFrEtIEfN0ZRTIwMMhrdoD5dL+fg==",
      "dev": true,
      "license": "MIT"
    },
    "node_modules/@lvce-editor/test-with-playwright": {
      "version": "10.4.0",
      "resolved": "https://registry.npmjs.org/@lvce-editor/test-with-playwright/-/test-with-playwright-10.4.0.tgz",
      "integrity": "sha512-S8ml4cefmG/L4p9Q59nGi9hqdjWAurl9wAfLn3Hn46cdiccwt9Tr2r3bvnO8veElk5VDYOs88uqa/1L7DE+LcA==",
      "dev": true,
      "license": "MIT",
      "dependencies": {
        "@lvce-editor/test-with-playwright-worker": "10.4.0",
        "@lvce-editor/test-worker": "^9.5.0"
      },
      "bin": {
        "test-with-playwright": "bin/test-with-playwright.js"
      },
      "engines": {
        "node": ">=22"
      }
    },
    "node_modules/@lvce-editor/test-with-playwright-worker": {
      "version": "10.4.0",
      "resolved": "https://registry.npmjs.org/@lvce-editor/test-with-playwright-worker/-/test-with-playwright-worker-10.4.0.tgz",
      "integrity": "sha512-hpeRqu4HsqaZCZ7m/9Ny1vbpV2b7E/1culs91tduu/TdYJ8ddh5SRmU9bHkzRGbLpV5+n/GQWYt0rjSs0aylkw==",
      "dev": true,
      "license": "MIT",
      "dependencies": {
        "@playwright/test": "1.56.1"
      },
      "engines": {
        "node": ">=22"
      }
    },
    "node_modules/@lvce-editor/test-worker": {
      "version": "9.5.0",
      "resolved": "https://registry.npmjs.org/@lvce-editor/test-worker/-/test-worker-9.5.0.tgz",
      "integrity": "sha512-ynftmyn7BkxjNj8A6C5uXSTmSJ2jF5KdpaRLdRunZ5SIwecwUGGYc5T1+hnJW2ul2E5W4jnW2zVYvfBYrMV97Q==",
      "dev": true,
      "license": "MIT",
      "dependencies": {
        "@lvce-editor/constants": "^1.30.0"
      }
    },
    "node_modules/@playwright/test": {
      "version": "1.56.1",
      "resolved": "https://registry.npmjs.org/@playwright/test/-/test-1.56.1.tgz",
      "integrity": "sha512-vSMYtL/zOcFpvJCW71Q/OEGQb7KYBPAdKh35WNSkaZA75JlAO8ED8UN6GUNTm3drWomcbcqRPFqQbLae8yBTdg==",
      "dev": true,
      "license": "Apache-2.0",
      "dependencies": {
        "playwright": "1.56.1"
      },
      "bin": {
        "playwright": "cli.js"
      },
      "engines": {
        "node": ">=18"
      }
    },
    "node_modules/fsevents": {
      "version": "2.3.2",
      "resolved": "https://registry.npmjs.org/fsevents/-/fsevents-2.3.2.tgz",
      "integrity": "sha512-xiqMQR4xAeHTuB9uWm+fFRcIOgKBMiOBP+eXiyT7jsgVCq1bkVygt00oASowB7EdtpOHaaPgKt812P9ab+DDKA==",
      "dev": true,
      "hasInstallScript": true,
      "license": "MIT",
      "optional": true,
      "os": [
        "darwin"
      ],
      "engines": {
        "node": "^8.16.0 || ^10.6.0 || >=11.0.0"
      }
    },
    "node_modules/playwright": {
      "version": "1.56.1",
      "resolved": "https://registry.npmjs.org/playwright/-/playwright-1.56.1.tgz",
      "integrity": "sha512-aFi5B0WovBHTEvpM3DzXTUaeN6eN0qWnTkKx4NQaH4Wvcmc153PdaY2UBdSYKaGYw+UyWXSVyxDUg5DoPEttjw==",
      "dev": true,
      "license": "Apache-2.0",
      "dependencies": {
        "playwright-core": "1.56.1"
      },
      "bin": {
        "playwright": "cli.js"
      },
      "engines": {
        "node": ">=18"
      },
      "optionalDependencies": {
        "fsevents": "2.3.2"
      }
    },
    "node_modules/playwright-core": {
      "version": "1.56.1",
      "resolved": "https://registry.npmjs.org/playwright-core/-/playwright-core-1.56.1.tgz",
      "integrity": "sha512-hutraynyn31F+Bifme+Ps9Vq59hKuUCz7H1kDOcBs+2oGguKkWTU50bBWrtz34OUWmIwpBTWDxaRPXrIXkgvmQ==",
      "dev": true,
      "license": "Apache-2.0",
      "bin": {
        "playwright-core": "cli.js"
      },
      "engines": {
        "node": ">=18"
      }
    }
  }
}
